
Microsoft Visual Studio Solution File, Format Version 12.00
# Visual Studio Version 17
VisualStudioVersion = 17.4.33403.182
MinimumVisualStudioVersion = 10.0.40219.1
Project("{8BC9CEB8-8B4A-11D0-8D11-00A0C91BC942}") = "Task2.1", "Task2\Task2.vcxproj", "{D3099319-F66F-4130-BAC7-D23034BF8F42}"
EndProject
Project("{8BC9CEB8-8B4A-11D0-8D11-00A0C91BC942}") = "Task2.2", "Task2.2\Task2.2.vcxproj", "{037F5C29-0A37-4FDF-AE9D-FFF58580F39A}"
EndProject
Project("{8BC9CEB8-8B4A-11D0-8D11-00A0C91BC942}") = "Task2.3", "Task2.3\Task2.3.vcxproj", "{C1A9E72C-F52B-4A2C-AD6F-71A53A525DF6}"
EndProject
Project("{8BC9CEB8-8B4A-11D0-8D11-00A0C91BC942}") = "Task2.4", "Task2.4\Task2.4.vcxproj", "{AED22E2F-FDCE-4255-BC0B-8ED1FEA173AE}"
EndProject
Project("{8BC9CEB8-8B4A-11D0-8D11-00A0C91BC942}") = "Task2.5", "Task2.5\Task2.5.vcxproj", "{A3CC5FB6-1A1F-4E26-8D89-6C7BF483C9A1}"
EndProject
Project("{8BC9CEB8-8B4A-11D0-8D11-00A0C91BC942}") = "Task2.6", "Task2.6\Task2.6.vcxproj", "{8B5CCFBC-FA22-4937-A616-2DFFFFD29B31}"
EndProject
Project("{8BC9CEB8-8B4A-11D0-8D11-00A0C91BC942}") = "Task2.7", "Task2.7\Task2.7.vcxproj", "{321B5228-DD7E-4EA2-AAC3-771C11696CBB}"
EndProject
Project("{8BC9CEB8-8B4A-11D0-8D11-00A0C91BC942}") = "Task2.8", "Task2.8\Task2.8.vcxproj", "{DB58DA53-6143-4429-BDD3-9A36CF2CAFA1}"
EndProject
Project("{8BC9CEB8-8B4A-11D0-8D11-00A0C91BC942}") = "Task2.9", "Task2.9\Task2.9.vcxproj", "{A39C422E-E689-4796-9214-BC52F7BA3088}"
EndProject
Project("{8BC9CEB8-8B4A-11D0-8D11-00A0C91BC942}") = "Task2.10", "Task2.10\Task2.10.vcxproj", "{878D84A4-0971-460C-9D2B-1B0C43EBC248}"
EndProject
Project("{8BC9CEB8-8B4A-11D0-8D11-00A0C91BC942}") = "Task2.11", "Task2.11\Task2.11.vcxproj", "{5AEA7798-D48E-465F-AF88-7CBB5C726D97}"
EndProject
Project("{8BC9CEB8-8B4A-11D0-8D11-00A0C91BC942}") = "Task2.12", "Task12\Task12.vcxproj", "{5029303C-C91D-471F-AE35-064A85198432}"
EndProject
Project("{8BC9CEB8-8B4A-11D0-8D11-00A0C91BC942}") = "Task2.13", "Task2.13\Task2.13.vcxproj", "{43570EC2-F443-4E9F-931C-28DDBF429249}"
EndProject
Project("{8BC9CEB8-8B4A-11D0-8D11-00A0C91BC942}") = "Task2.14", "Task2.14\Task2.14.vcxproj", "{CB4A7DBB-7DDA-4200-A6E6-4EDED8E3A371}"
EndProject
Project("{8BC9CEB8-8B4A-11D0-8D11-00A0C91BC942}") = "Task2.15", "Task2.15\Task2.15.vcxproj", "{ED3B990C-B97B-47AB-A568-068505EAE751}"
EndProject
Project("{8BC9CEB8-8B4A-11D0-8D11-00A0C91BC942}") = "Task2.16", "Task2.16\Task2.16.vcxproj", "{2028C8BF-9919-4368-9D22-B51D3C3AAF54}"
EndProject
Project("{8BC9CEB8-8B4A-11D0-8D11-00A0C91BC942}") = "Task2.17", "Task2.17\Task2.17.vcxproj", "{462EB7C5-F9E7-4F21-95DC-E4E221B7DC3F}"
EndProject
Project("{8BC9CEB8-8B4A-11D0-8D11-00A0C91BC942}") = "Task2.18", "Task2.18\Task2.18.vcxproj", "{024296E0-5835-4A46-B494-495DB4F023B9}"
EndProject
Project("{8BC9CEB8-8B4A-11D0-8D11-00A0C91BC942}") = "Task2.19", "Task2.19\Task2.19.vcxproj", "{8F0EEF44-4076-4DE6-9238-B8E6AEAAFD08}"
EndProject
Project("{8BC9CEB8-8B4A-11D0-8D11-00A0C91BC942}") = "Task2.20", "Task2.20\Task2.20.vcxproj", "{B194521E-E13D-403A-8BC5-65CB03580E45}"
EndProject
Project("{8BC9CEB8-8B4A-11D0-8D11-00A0C91BC942}") = "Task2.21", "Task2.21\Task2.21.vcxproj", "{57478AAE-05C1-4052-9FA5-092D2AE6AF1D}"
EndProject
Project("{8BC9CEB8-8B4A-11D0-8D11-00A0C91BC942}") = "Task2.22", "Task2.22\Task2.22.vcxproj", "{7FA1598A-5085-45F8-937A-77405FBF4A67}"
EndProject
Project("{8BC9CEB8-8B4A-11D0-8D11-00A0C91BC942}") = "Task2.23", "Task2.23\Task2.23.vcxproj", "{225DA55D-FA6F-44F1-88CF-07CA8ACF3183}"
EndProject
Project("{8BC9CEB8-8B4A-11D0-8D11-00A0C91BC942}") = "Task2.24", "Task2.24\Task2.24.vcxproj", "{50A8AD63-5003-4FFF-88CD-EC8274698C5B}"
EndProject
Project("{8BC9CEB8-8B4A-11D0-8D11-00A0C91BC942}") = "Task2.25", "Task2.25\Task2.25.vcxproj", "{B249AE87-9A77-4B89-9B2D-F39DA89C533D}"
EndProject
Project("{8BC9CEB8-8B4A-11D0-8D11-00A0C91BC942}") = "Task2.26", "Task2.26\Task2.26.vcxproj", "{2DEA6A5E-4546-4F90-9B6E-A22EDD985D6B}"
EndProject
Project("{8BC9CEB8-8B4A-11D0-8D11-00A0C91BC942}") = "Task2.27", "Task2.27\Task2.27.vcxproj", "{18C977D7-E5A4-4A6A-ABBE-41725838CA69}"
EndProject
Project("{8BC9CEB8-8B4A-11D0-8D11-00A0C91BC942}") = "Task2.28", "Task2.28\Task2.28.vcxproj", "{BF874715-C93C-458B-A7FC-4646513D0EF2}"
EndProject
Project("{8BC9CEB8-8B4A-11D0-8D11-00A0C91BC942}") = "Task2.29", "Task2.29\Task2.29.vcxproj", "{A4F4A9A3-8873-4561-880A-1A1489A86DD5}"
EndProject
Project("{8BC9CEB8-8B4A-11D0-8D11-00A0C91BC942}") = "Task2.30", "Task2.30\Task2.30.vcxproj", "{CD117C53-F446-4F13-90C1-719C8EA40B7F}"
EndProject
Global
	GlobalSection(SolutionConfigurationPlatforms) = preSolution
		Debug|x64 = Debug|x64
		Debug|x86 = Debug|x86
		Release|x64 = Release|x64
		Release|x86 = Release|x86
	EndGlobalSection
	GlobalSection(ProjectConfigurationPlatforms) = postSolution
		{D3099319-F66F-4130-BAC7-D23034BF8F42}.Debug|x64.ActiveCfg = Debug|x64
		{D3099319-F66F-4130-BAC7-D23034BF8F42}.Debug|x64.Build.0 = Debug|x64
		{D3099319-F66F-4130-BAC7-D23034BF8F42}.Debug|x86.ActiveCfg = Debug|Win32
		{D3099319-F66F-4130-BAC7-D23034BF8F42}.Debug|x86.Build.0 = Debug|Win32
		{D3099319-F66F-4130-BAC7-D23034BF8F42}.Release|x64.ActiveCfg = Release|x64
		{D3099319-F66F-4130-BAC7-D23034BF8F42}.Release|x64.Build.0 = Release|x64
		{D3099319-F66F-4130-BAC7-D23034BF8F42}.Release|x86.ActiveCfg = Release|Win32
		{D3099319-F66F-4130-BAC7-D23034BF8F42}.Release|x86.Build.0 = Release|Win32
		{037F5C29-0A37-4FDF-AE9D-FFF58580F39A}.Debug|x64.ActiveCfg = Debug|x64
		{037F5C29-0A37-4FDF-AE9D-FFF58580F39A}.Debug|x64.Build.0 = Debug|x64
		{037F5C29-0A37-4FDF-AE9D-FFF58580F39A}.Debug|x86.ActiveCfg = Debug|Win32
		{037F5C29-0A37-4FDF-AE9D-FFF58580F39A}.Debug|x86.Build.0 = Debug|Win32
		{037F5C29-0A37-4FDF-AE9D-FFF58580F39A}.Release|x64.ActiveCfg = Release|x64
		{037F5C29-0A37-4FDF-AE9D-FFF58580F39A}.Release|x64.Build.0 = Release|x64
		{037F5C29-0A37-4FDF-AE9D-FFF58580F39A}.Release|x86.ActiveCfg = Release|Win32
		{037F5C29-0A37-4FDF-AE9D-FFF58580F39A}.Release|x86.Build.0 = Release|Win32
		{C1A9E72C-F52B-4A2C-AD6F-71A53A525DF6}.Debug|x64.ActiveCfg = Debug|x64
		{C1A9E72C-F52B-4A2C-AD6F-71A53A525DF6}.Debug|x64.Build.0 = Debug|x64
		{C1A9E72C-F52B-4A2C-AD6F-71A53A525DF6}.Debug|x86.ActiveCfg = Debug|Win32
		{C1A9E72C-F52B-4A2C-AD6F-71A53A525DF6}.Debug|x86.Build.0 = Debug|Win32
		{C1A9E72C-F52B-4A2C-AD6F-71A53A525DF6}.Release|x64.ActiveCfg = Release|x64
		{C1A9E72C-F52B-4A2C-AD6F-71A53A525DF6}.Release|x64.Build.0 = Release|x64
		{C1A9E72C-F52B-4A2C-AD6F-71A53A525DF6}.Release|x86.ActiveCfg = Release|Win32
		{C1A9E72C-F52B-4A2C-AD6F-71A53A525DF6}.Release|x86.Build.0 = Release|Win32
		{AED22E2F-FDCE-4255-BC0B-8ED1FEA173AE}.Debug|x64.ActiveCfg = Debug|x64
		{AED22E2F-FDCE-4255-BC0B-8ED1FEA173AE}.Debug|x64.Build.0 = Debug|x64
		{AED22E2F-FDCE-4255-BC0B-8ED1FEA173AE}.Debug|x86.ActiveCfg = Debug|Win32
		{AED22E2F-FDCE-4255-BC0B-8ED1FEA173AE}.Debug|x86.Build.0 = Debug|Win32
		{AED22E2F-FDCE-4255-BC0B-8ED1FEA173AE}.Release|x64.ActiveCfg = Release|x64
		{AED22E2F-FDCE-4255-BC0B-8ED1FEA173AE}.Release|x64.Build.0 = Release|x64
		{AED22E2F-FDCE-4255-BC0B-8ED1FEA173AE}.Release|x86.ActiveCfg = Release|Win32
		{AED22E2F-FDCE-4255-BC0B-8ED1FEA173AE}.Release|x86.Build.0 = Release|Win32
		{A3CC5FB6-1A1F-4E26-8D89-6C7BF483C9A1}.Debug|x64.ActiveCfg = Debug|x64
		{A3CC5FB6-1A1F-4E26-8D89-6C7BF483C9A1}.Debug|x64.Build.0 = Debug|x64
		{A3CC5FB6-1A1F-4E26-8D89-6C7BF483C9A1}.Debug|x86.ActiveCfg = Debug|Win32
		{A3CC5FB6-1A1F-4E26-8D89-6C7BF483C9A1}.Debug|x86.Build.0 = Debug|Win32
		{A3CC5FB6-1A1F-4E26-8D89-6C7BF483C9A1}.Release|x64.ActiveCfg = Release|x64
		{A3CC5FB6-1A1F-4E26-8D89-6C7BF483C9A1}.Release|x64.Build.0 = Release|x64
		{A3CC5FB6-1A1F-4E26-8D89-6C7BF483C9A1}.Release|x86.ActiveCfg = Release|Win32
		{A3CC5FB6-1A1F-4E26-8D89-6C7BF483C9A1}.Release|x86.Build.0 = Release|Win32
		{8B5CCFBC-FA22-4937-A616-2DFFFFD29B31}.Debug|x64.ActiveCfg = Debug|x64
		{8B5CCFBC-FA22-4937-A616-2DFFFFD29B31}.Debug|x64.Build.0 = Debug|x64
		{8B5CCFBC-FA22-4937-A616-2DFFFFD29B31}.Debug|x86.ActiveCfg = Debug|Win32
		{8B5CCFBC-FA22-4937-A616-2DFFFFD29B31}.Debug|x86.Build.0 = Debug|Win32
		{8B5CCFBC-FA22-4937-A616-2DFFFFD29B31}.Release|x64.ActiveCfg = Release|x64
		{8B5CCFBC-FA22-4937-A616-2DFFFFD29B31}.Release|x64.Build.0 = Release|x64
		{8B5CCFBC-FA22-4937-A616-2DFFFFD29B31}.Release|x86.ActiveCfg = Release|Win32
		{8B5CCFBC-FA22-4937-A616-2DFFFFD29B31}.Release|x86.Build.0 = Release|Win32
		{321B5228-DD7E-4EA2-AAC3-771C11696CBB}.Debug|x64.ActiveCfg = Debug|x64
		{321B5228-DD7E-4EA2-AAC3-771C11696CBB}.Debug|x64.Build.0 = Debug|x64
		{321B5228-DD7E-4EA2-AAC3-771C11696CBB}.Debug|x86.ActiveCfg = Debug|Win32
		{321B5228-DD7E-4EA2-AAC3-771C11696CBB}.Debug|x86.Build.0 = Debug|Win32
		{321B5228-DD7E-4EA2-AAC3-771C11696CBB}.Release|x64.ActiveCfg = Release|x64
		{321B5228-DD7E-4EA2-AAC3-771C11696CBB}.Release|x64.Build.0 = Release|x64
		{321B5228-DD7E-4EA2-AAC3-771C11696CBB}.Release|x86.ActiveCfg = Release|Win32
		{321B5228-DD7E-4EA2-AAC3-771C11696CBB}.Release|x86.Build.0 = Release|Win32
		{DB58DA53-6143-4429-BDD3-9A36CF2CAFA1}.Debug|x64.ActiveCfg = Debug|x64
		{DB58DA53-6143-4429-BDD3-9A36CF2CAFA1}.Debug|x64.Build.0 = Debug|x64
		{DB58DA53-6143-4429-BDD3-9A36CF2CAFA1}.Debug|x86.ActiveCfg = Debug|Win32
		{DB58DA53-6143-4429-BDD3-9A36CF2CAFA1}.Debug|x86.Build.0 = Debug|Win32
		{DB58DA53-6143-4429-BDD3-9A36CF2CAFA1}.Release|x64.ActiveCfg = Release|x64
		{DB58DA53-6143-4429-BDD3-9A36CF2CAFA1}.Release|x64.Build.0 = Release|x64
		{DB58DA53-6143-4429-BDD3-9A36CF2CAFA1}.Release|x86.ActiveCfg = Release|Win32
		{DB58DA53-6143-4429-BDD3-9A36CF2CAFA1}.Release|x86.Build.0 = Release|Win32
		{A39C422E-E689-4796-9214-BC52F7BA3088}.Debug|x64.ActiveCfg = Debug|x64
		{A39C422E-E689-4796-9214-BC52F7BA3088}.Debug|x64.Build.0 = Debug|x64
		{A39C422E-E689-4796-9214-BC52F7BA3088}.Debug|x86.ActiveCfg = Debug|Win32
		{A39C422E-E689-4796-9214-BC52F7BA3088}.Debug|x86.Build.0 = Debug|Win32
		{A39C422E-E689-4796-9214-BC52F7BA3088}.Release|x64.ActiveCfg = Release|x64
		{A39C422E-E689-4796-9214-BC52F7BA3088}.Release|x64.Build.0 = Release|x64
		{A39C422E-E689-4796-9214-BC52F7BA3088}.Release|x86.ActiveCfg = Release|Win32
		{A39C422E-E689-4796-9214-BC52F7BA3088}.Release|x86.Build.0 = Release|Win32
		{878D84A4-0971-460C-9D2B-1B0C43EBC248}.Debug|x64.ActiveCfg = Debug|x64
		{878D84A4-0971-460C-9D2B-1B0C43EBC248}.Debug|x64.Build.0 = Debug|x64
		{878D84A4-0971-460C-9D2B-1B0C43EBC248}.Debug|x86.ActiveCfg = Debug|Win32
		{878D84A4-0971-460C-9D2B-1B0C43EBC248}.Debug|x86.Build.0 = Debug|Win32
		{878D84A4-0971-460C-9D2B-1B0C43EBC248}.Release|x64.ActiveCfg = Release|x64
		{878D84A4-0971-460C-9D2B-1B0C43EBC248}.Release|x64.Build.0 = Release|x64
		{878D84A4-0971-460C-9D2B-1B0C43EBC248}.Release|x86.ActiveCfg = Release|Win32
		{878D84A4-0971-460C-9D2B-1B0C43EBC248}.Release|x86.Build.0 = Release|Win32
		{5AEA7798-D48E-465F-AF88-7CBB5C726D97}.Debug|x64.ActiveCfg = Debug|x64
		{5AEA7798-D48E-465F-AF88-7CBB5C726D97}.Debug|x64.Build.0 = Debug|x64
		{5AEA7798-D48E-465F-AF88-7CBB5C726D97}.Debug|x86.ActiveCfg = Debug|Win32
		{5AEA7798-D48E-465F-AF88-7CBB5C726D97}.Debug|x86.Build.0 = Debug|Win32
		{5AEA7798-D48E-465F-AF88-7CBB5C726D97}.Release|x64.ActiveCfg = Release|x64
		{5AEA7798-D48E-465F-AF88-7CBB5C726D97}.Release|x64.Build.0 = Release|x64
		{5AEA7798-D48E-465F-AF88-7CBB5C726D97}.Release|x86.ActiveCfg = Release|Win32
		{5AEA7798-D48E-465F-AF88-7CBB5C726D97}.Release|x86.Build.0 = Release|Win32
		{5029303C-C91D-471F-AE35-064A85198432}.Debug|x64.ActiveCfg = Debug|x64
		{5029303C-C91D-471F-AE35-064A85198432}.Debug|x64.Build.0 = Debug|x64
		{5029303C-C91D-471F-AE35-064A85198432}.Debug|x86.ActiveCfg = Debug|Win32
		{5029303C-C91D-471F-AE35-064A85198432}.Debug|x86.Build.0 = Debug|Win32
		{5029303C-C91D-471F-AE35-064A85198432}.Release|x64.ActiveCfg = Release|x64
		{5029303C-C91D-471F-AE35-064A85198432}.Release|x64.Build.0 = Release|x64
		{5029303C-C91D-471F-AE35-064A85198432}.Release|x86.ActiveCfg = Release|Win32
		{5029303C-C91D-471F-AE35-064A85198432}.Release|x86.Build.0 = Release|Win32
		{43570EC2-F443-4E9F-931C-28DDBF429249}.Debug|x64.ActiveCfg = Debug|x64
		{43570EC2-F443-4E9F-931C-28DDBF429249}.Debug|x64.Build.0 = Debug|x64
		{43570EC2-F443-4E9F-931C-28DDBF429249}.Debug|x86.ActiveCfg = Debug|Win32
		{43570EC2-F443-4E9F-931C-28DDBF429249}.Debug|x86.Build.0 = Debug|Win32
		{43570EC2-F443-4E9F-931C-28DDBF429249}.Release|x64.ActiveCfg = Release|x64
		{43570EC2-F443-4E9F-931C-28DDBF429249}.Release|x64.Build.0 = Release|x64
		{43570EC2-F443-4E9F-931C-28DDBF429249}.Release|x86.ActiveCfg = Release|Win32
		{43570EC2-F443-4E9F-931C-28DDBF429249}.Release|x86.Build.0 = Release|Win32
		{CB4A7DBB-7DDA-4200-A6E6-4EDED8E3A371}.Debug|x64.ActiveCfg = Debug|x64
		{CB4A7DBB-7DDA-4200-A6E6-4EDED8E3A371}.Debug|x64.Build.0 = Debug|x64
		{CB4A7DBB-7DDA-4200-A6E6-4EDED8E3A371}.Debug|x86.ActiveCfg = Debug|Win32
		{CB4A7DBB-7DDA-4200-A6E6-4EDED8E3A371}.Debug|x86.Build.0 = Debug|Win32
		{CB4A7DBB-7DDA-4200-A6E6-4EDED8E3A371}.Release|x64.ActiveCfg = Release|x64
		{CB4A7DBB-7DDA-4200-A6E6-4EDED8E3A371}.Release|x64.Build.0 = Release|x64
		{CB4A7DBB-7DDA-4200-A6E6-4EDED8E3A371}.Release|x86.ActiveCfg = Release|Win32
		{CB4A7DBB-7DDA-4200-A6E6-4EDED8E3A371}.Release|x86.Build.0 = Release|Win32
		{ED3B990C-B97B-47AB-A568-068505EAE751}.Debug|x64.ActiveCfg = Debug|x64
		{ED3B990C-B97B-47AB-A568-068505EAE751}.Debug|x64.Build.0 = Debug|x64
		{ED3B990C-B97B-47AB-A568-068505EAE751}.Debug|x86.ActiveCfg = Debug|Win32
		{ED3B990C-B97B-47AB-A568-068505EAE751}.Debug|x86.Build.0 = Debug|Win32
		{ED3B990C-B97B-47AB-A568-068505EAE751}.Release|x64.ActiveCfg = Release|x64
		{ED3B990C-B97B-47AB-A568-068505EAE751}.Release|x64.Build.0 = Release|x64
		{ED3B990C-B97B-47AB-A568-068505EAE751}.Release|x86.ActiveCfg = Release|Win32
		{ED3B990C-B97B-47AB-A568-068505EAE751}.Release|x86.Build.0 = Release|Win32
		{2028C8BF-9919-4368-9D22-B51D3C3AAF54}.Debug|x64.ActiveCfg = Debug|x64
		{2028C8BF-9919-4368-9D22-B51D3C3AAF54}.Debug|x64.Build.0 = Debug|x64
		{2028C8BF-9919-4368-9D22-B51D3C3AAF54}.Debug|x86.ActiveCfg = Debug|Win32
		{2028C8BF-9919-4368-9D22-B51D3C3AAF54}.Debug|x86.Build.0 = Debug|Win32
		{2028C8BF-9919-4368-9D22-B51D3C3AAF54}.Release|x64.ActiveCfg = Release|x64
		{2028C8BF-9919-4368-9D22-B51D3C3AAF54}.Release|x64.Build.0 = Release|x64
		{2028C8BF-9919-4368-9D22-B51D3C3AAF54}.Release|x86.ActiveCfg = Release|Win32
		{2028C8BF-9919-4368-9D22-B51D3C3AAF54}.Release|x86.Build.0 = Release|Win32
		{462EB7C5-F9E7-4F21-95DC-E4E221B7DC3F}.Debug|x64.ActiveCfg = Debug|x64
		{462EB7C5-F9E7-4F21-95DC-E4E221B7DC3F}.Debug|x64.Build.0 = Debug|x64
		{462EB7C5-F9E7-4F21-95DC-E4E221B7DC3F}.Debug|x86.ActiveCfg = Debug|Win32
		{462EB7C5-F9E7-4F21-95DC-E4E221B7DC3F}.Debug|x86.Build.0 = Debug|Win32
		{462EB7C5-F9E7-4F21-95DC-E4E221B7DC3F}.Release|x64.ActiveCfg = Release|x64
		{462EB7C5-F9E7-4F21-95DC-E4E221B7DC3F}.Release|x64.Build.0 = Release|x64
		{462EB7C5-F9E7-4F21-95DC-E4E221B7DC3F}.Release|x86.ActiveCfg = Release|Win32
		{462EB7C5-F9E7-4F21-95DC-E4E221B7DC3F}.Release|x86.Build.0 = Release|Win32
		{024296E0-5835-4A46-B494-495DB4F023B9}.Debug|x64.ActiveCfg = Debug|x64
		{024296E0-5835-4A46-B494-495DB4F023B9}.Debug|x64.Build.0 = Debug|x64
		{024296E0-5835-4A46-B494-495DB4F023B9}.Debug|x86.ActiveCfg = Debug|Win32
		{024296E0-5835-4A46-B494-495DB4F023B9}.Debug|x86.Build.0 = Debug|Win32
		{024296E0-5835-4A46-B494-495DB4F023B9}.Release|x64.ActiveCfg = Release|x64
		{024296E0-5835-4A46-B494-495DB4F023B9}.Release|x64.Build.0 = Release|x64
		{024296E0-5835-4A46-B494-495DB4F023B9}.Release|x86.ActiveCfg = Release|Win32
		{024296E0-5835-4A46-B494-495DB4F023B9}.Release|x86.Build.0 = Release|Win32
		{8F0EEF44-4076-4DE6-9238-B8E6AEAAFD08}.Debug|x64.ActiveCfg = Debug|x64
		{8F0EEF44-4076-4DE6-9238-B8E6AEAAFD08}.Debug|x64.Build.0 = Debug|x64
		{8F0EEF44-4076-4DE6-9238-B8E6AEAAFD08}.Debug|x86.ActiveCfg = Debug|Win32
		{8F0EEF44-4076-4DE6-9238-B8E6AEAAFD08}.Debug|x86.Build.0 = Debug|Win32
		{8F0EEF44-4076-4DE6-9238-B8E6AEAAFD08}.Release|x64.ActiveCfg = Release|x64
		{8F0EEF44-4076-4DE6-9238-B8E6AEAAFD08}.Release|x64.Build.0 = Release|x64
		{8F0EEF44-4076-4DE6-9238-B8E6AEAAFD08}.Release|x86.ActiveCfg = Release|Win32
		{8F0EEF44-4076-4DE6-9238-B8E6AEAAFD08}.Release|x86.Build.0 = Release|Win32
		{B194521E-E13D-403A-8BC5-65CB03580E45}.Debug|x64.ActiveCfg = Debug|x64
		{B194521E-E13D-403A-8BC5-65CB03580E45}.Debug|x64.Build.0 = Debug|x64
		{B194521E-E13D-403A-8BC5-65CB03580E45}.Debug|x86.ActiveCfg = Debug|Win32
		{B194521E-E13D-403A-8BC5-65CB03580E45}.Debug|x86.Build.0 = Debug|Win32
		{B194521E-E13D-403A-8BC5-65CB03580E45}.Release|x64.ActiveCfg = Release|x64
		{B194521E-E13D-403A-8BC5-65CB03580E45}.Release|x64.Build.0 = Release|x64
		{B194521E-E13D-403A-8BC5-65CB03580E45}.Release|x86.ActiveCfg = Release|Win32
		{B194521E-E13D-403A-8BC5-65CB03580E45}.Release|x86.Build.0 = Release|Win32
		{57478AAE-05C1-4052-9FA5-092D2AE6AF1D}.Debug|x64.ActiveCfg = Debug|x64
		{57478AAE-05C1-4052-9FA5-092D2AE6AF1D}.Debug|x64.Build.0 = Debug|x64
		{57478AAE-05C1-4052-9FA5-092D2AE6AF1D}.Debug|x86.ActiveCfg = Debug|Win32
		{57478AAE-05C1-4052-9FA5-092D2AE6AF1D}.Debug|x86.Build.0 = Debug|Win32
		{57478AAE-05C1-4052-9FA5-092D2AE6AF1D}.Release|x64.ActiveCfg = Release|x64
		{57478AAE-05C1-4052-9FA5-092D2AE6AF1D}.Release|x64.Build.0 = Release|x64
		{57478AAE-05C1-4052-9FA5-092D2AE6AF1D}.Release|x86.ActiveCfg = Release|Win32
		{57478AAE-05C1-4052-9FA5-092D2AE6AF1D}.Release|x86.Build.0 = Release|Win32
		{7FA1598A-5085-45F8-937A-77405FBF4A67}.Debug|x64.ActiveCfg = Debug|x64
		{7FA1598A-5085-45F8-937A-77405FBF4A67}.Debug|x64.Build.0 = Debug|x64
		{7FA1598A-5085-45F8-937A-77405FBF4A67}.Debug|x86.ActiveCfg = Debug|Win32
		{7FA1598A-5085-45F8-937A-77405FBF4A67}.Debug|x86.Build.0 = Debug|Win32
		{7FA1598A-5085-45F8-937A-77405FBF4A67}.Release|x64.ActiveCfg = Release|x64
		{7FA1598A-5085-45F8-937A-77405FBF4A67}.Release|x64.Build.0 = Release|x64
		{7FA1598A-5085-45F8-937A-77405FBF4A67}.Release|x86.ActiveCfg = Release|Win32
		{7FA1598A-5085-45F8-937A-77405FBF4A67}.Release|x86.Build.0 = Release|Win32
		{225DA55D-FA6F-44F1-88CF-07CA8ACF3183}.Debug|x64.ActiveCfg = Debug|x64
		{225DA55D-FA6F-44F1-88CF-07CA8ACF3183}.Debug|x64.Build.0 = Debug|x64
		{225DA55D-FA6F-44F1-88CF-07CA8ACF3183}.Debug|x86.ActiveCfg = Debug|Win32
		{225DA55D-FA6F-44F1-88CF-07CA8ACF3183}.Debug|x86.Build.0 = Debug|Win32
		{225DA55D-FA6F-44F1-88CF-07CA8ACF3183}.Release|x64.ActiveCfg = Release|x64
		{225DA55D-FA6F-44F1-88CF-07CA8ACF3183}.Release|x64.Build.0 = Release|x64
		{225DA55D-FA6F-44F1-88CF-07CA8ACF3183}.Release|x86.ActiveCfg = Release|Win32
		{225DA55D-FA6F-44F1-88CF-07CA8ACF3183}.Release|x86.Build.0 = Release|Win32
		{50A8AD63-5003-4FFF-88CD-EC8274698C5B}.Debug|x64.ActiveCfg = Debug|x64
		{50A8AD63-5003-4FFF-88CD-EC8274698C5B}.Debug|x64.Build.0 = Debug|x64
		{50A8AD63-5003-4FFF-88CD-EC8274698C5B}.Debug|x86.ActiveCfg = Debug|Win32
		{50A8AD63-5003-4FFF-88CD-EC8274698C5B}.Debug|x86.Build.0 = Debug|Win32
		{50A8AD63-5003-4FFF-88CD-EC8274698C5B}.Release|x64.ActiveCfg = Release|x64
		{50A8AD63-5003-4FFF-88CD-EC8274698C5B}.Release|x64.Build.0 = Release|x64
		{50A8AD63-5003-4FFF-88CD-EC8274698C5B}.Release|x86.ActiveCfg = Release|Win32
		{50A8AD63-5003-4FFF-88CD-EC8274698C5B}.Release|x86.Build.0 = Release|Win32
		{B249AE87-9A77-4B89-9B2D-F39DA89C533D}.Debug|x64.ActiveCfg = Debug|x64
		{B249AE87-9A77-4B89-9B2D-F39DA89C533D}.Debug|x64.Build.0 = Debug|x64
		{B249AE87-9A77-4B89-9B2D-F39DA89C533D}.Debug|x86.ActiveCfg = Debug|Win32
		{B249AE87-9A77-4B89-9B2D-F39DA89C533D}.Debug|x86.Build.0 = Debug|Win32
		{B249AE87-9A77-4B89-9B2D-F39DA89C533D}.Release|x64.ActiveCfg = Release|x64
		{B249AE87-9A77-4B89-9B2D-F39DA89C533D}.Release|x64.Build.0 = Release|x64
		{B249AE87-9A77-4B89-9B2D-F39DA89C533D}.Release|x86.ActiveCfg = Release|Win32
		{B249AE87-9A77-4B89-9B2D-F39DA89C533D}.Release|x86.Build.0 = Release|Win32
		{2DEA6A5E-4546-4F90-9B6E-A22EDD985D6B}.Debug|x64.ActiveCfg = Debug|x64
		{2DEA6A5E-4546-4F90-9B6E-A22EDD985D6B}.Debug|x64.Build.0 = Debug|x64
		{2DEA6A5E-4546-4F90-9B6E-A22EDD985D6B}.Debug|x86.ActiveCfg = Debug|Win32
		{2DEA6A5E-4546-4F90-9B6E-A22EDD985D6B}.Debug|x86.Build.0 = Debug|Win32
		{2DEA6A5E-4546-4F90-9B6E-A22EDD985D6B}.Release|x64.ActiveCfg = Release|x64
		{2DEA6A5E-4546-4F90-9B6E-A22EDD985D6B}.Release|x64.Build.0 = Release|x64
		{2DEA6A5E-4546-4F90-9B6E-A22EDD985D6B}.Release|x86.ActiveCfg = Release|Win32
		{2DEA6A5E-4546-4F90-9B6E-A22EDD985D6B}.Release|x86.Build.0 = Release|Win32
		{18C977D7-E5A4-4A6A-ABBE-41725838CA69}.Debug|x64.ActiveCfg = Debug|x64
		{18C977D7-E5A4-4A6A-ABBE-41725838CA69}.Debug|x64.Build.0 = Debug|x64
		{18C977D7-E5A4-4A6A-ABBE-41725838CA69}.Debug|x86.ActiveCfg = Debug|Win32
		{18C977D7-E5A4-4A6A-ABBE-41725838CA69}.Debug|x86.Build.0 = Debug|Win32
		{18C977D7-E5A4-4A6A-ABBE-41725838CA69}.Release|x64.ActiveCfg = Release|x64
		{18C977D7-E5A4-4A6A-ABBE-41725838CA69}.Release|x64.Build.0 = Release|x64
		{18C977D7-E5A4-4A6A-ABBE-41725838CA69}.Release|x86.ActiveCfg = Release|Win32
		{18C977D7-E5A4-4A6A-ABBE-41725838CA69}.Release|x86.Build.0 = Release|Win32
		{BF874715-C93C-458B-A7FC-4646513D0EF2}.Debug|x64.ActiveCfg = Debug|x64
		{BF874715-C93C-458B-A7FC-4646513D0EF2}.Debug|x64.Build.0 = Debug|x64
		{BF874715-C93C-458B-A7FC-4646513D0EF2}.Debug|x86.ActiveCfg = Debug|Win32
		{BF874715-C93C-458B-A7FC-4646513D0EF2}.Debug|x86.Build.0 = Debug|Win32
		{BF874715-C93C-458B-A7FC-4646513D0EF2}.Release|x64.ActiveCfg = Release|x64
		{BF874715-C93C-458B-A7FC-4646513D0EF2}.Release|x64.Build.0 = Release|x64
		{BF874715-C93C-458B-A7FC-4646513D0EF2}.Release|x86.ActiveCfg = Release|Win32
		{BF874715-C93C-458B-A7FC-4646513D0EF2}.Release|x86.Build.0 = Release|Win32
		{A4F4A9A3-8873-4561-880A-1A1489A86DD5}.Debug|x64.ActiveCfg = Debug|x64
		{A4F4A9A3-8873-4561-880A-1A1489A86DD5}.Debug|x64.Build.0 = Debug|x64
		{A4F4A9A3-8873-4561-880A-1A1489A86DD5}.Debug|x86.ActiveCfg = Debug|Win32
		{A4F4A9A3-8873-4561-880A-1A1489A86DD5}.Debug|x86.Build.0 = Debug|Win32
		{A4F4A9A3-8873-4561-880A-1A1489A86DD5}.Release|x64.ActiveCfg = Release|x64
		{A4F4A9A3-8873-4561-880A-1A1489A86DD5}.Release|x64.Build.0 = Release|x64
		{A4F4A9A3-8873-4561-880A-1A1489A86DD5}.Release|x86.ActiveCfg = Release|Win32
		{A4F4A9A3-8873-4561-880A-1A1489A86DD5}.Release|x86.Build.0 = Release|Win32
		{CD117C53-F446-4F13-90C1-719C8EA40B7F}.Debug|x64.ActiveCfg = Debug|x64
		{CD117C53-F446-4F13-90C1-719C8EA40B7F}.Debug|x64.Build.0 = Debug|x64
		{CD117C53-F446-4F13-90C1-719C8EA40B7F}.Debug|x86.ActiveCfg = Debug|Win32
		{CD117C53-F446-4F13-90C1-719C8EA40B7F}.Debug|x86.Build.0 = Debug|Win32
		{CD117C53-F446-4F13-90C1-719C8EA40B7F}.Release|x64.ActiveCfg = Release|x64
		{CD117C53-F446-4F13-90C1-719C8EA40B7F}.Release|x64.Build.0 = Release|x64
		{CD117C53-F446-4F13-90C1-719C8EA40B7F}.Release|x86.ActiveCfg = Release|Win32
		{CD117C53-F446-4F13-90C1-719C8EA40B7F}.Release|x86.Build.0 = Release|Win32
	EndGlobalSection
	GlobalSection(SolutionProperties) = preSolution
		HideSolutionNode = FALSE
	EndGlobalSection
	GlobalSection(ExtensibilityGlobals) = postSolution
		SolutionGuid = {A813AA68-5461-4D8C-9D73-4F58C4F97060}
	EndGlobalSection
EndGlobal
